// !$*UTF8*$!
{
	archiveVersion = 1;
	classes = {
	};
	objectVersion = 46;
	objects = {

/* Begin PBXBuildFile section */
		C6BA170A13A780250060ECF9 /* SVScene.m in Sources */ = {isa = PBXBuildFile; fileRef = C6BA170913A780250060ECF9 /* SVScene.m */; };
		C6BA170E13A792280060ECF9 /* SVTetris.m in Sources */ = {isa = PBXBuildFile; fileRef = C6BA170D13A792280060ECF9 /* SVTetris.m */; };
		C6C23583139FAB92000D2212 /* UIKit.framework in Frameworks */ = {isa = PBXBuildFile; fileRef = C6C23582139FAB92000D2212 /* UIKit.framework */; };
		C6C23585139FAB92000D2212 /* Foundation.framework in Frameworks */ = {isa = PBXBuildFile; fileRef = C6C23584139FAB92000D2212 /* Foundation.framework */; };
		C6C23587139FAB92000D2212 /* CoreGraphics.framework in Frameworks */ = {isa = PBXBuildFile; fileRef = C6C23586139FAB92000D2212 /* CoreGraphics.framework */; };
		C6C2358D139FAB92000D2212 /* InfoPlist.strings in Resources */ = {isa = PBXBuildFile; fileRef = C6C2358B139FAB92000D2212 /* InfoPlist.strings */; };
		C6C23590139FAB92000D2212 /* main.m in Sources */ = {isa = PBXBuildFile; fileRef = C6C2358F139FAB92000D2212 /* main.m */; };
		C6C23593139FAB92000D2212 /* TetatestAppDelegate.m in Sources */ = {isa = PBXBuildFile; fileRef = C6C23592139FAB92000D2212 /* TetatestAppDelegate.m */; };
		C6C23596139FAB92000D2212 /* MainWindow.xib in Resources */ = {isa = PBXBuildFile; fileRef = C6C23594139FAB92000D2212 /* MainWindow.xib */; };
		C6C2359E139FABF6000D2212 /* OpenGLView.m in Sources */ = {isa = PBXBuildFile; fileRef = C6C2359D139FABF6000D2212 /* OpenGLView.m */; };
		C6C235A0139FAC30000D2212 /* OpenGLES.framework in Frameworks */ = {isa = PBXBuildFile; fileRef = C6C2359F139FAC30000D2212 /* OpenGLES.framework */; };
		C6C235A2139FAC35000D2212 /* QuartzCore.framework in Frameworks */ = {isa = PBXBuildFile; fileRef = C6C235A1139FAC35000D2212 /* QuartzCore.framework */; };
		C6C235A4139FB090000D2212 /* Svertex.glsl in Resources */ = {isa = PBXBuildFile; fileRef = C6C235A3139FB090000D2212 /* Svertex.glsl */; };
		C6C235A6139FB131000D2212 /* Sfragment.glsl in Resources */ = {isa = PBXBuildFile; fileRef = C6C235A5139FB131000D2212 /* Sfragment.glsl */; };
		C6C235B2139FB9AD000D2212 /* CC3Foundation.m in Sources */ = {isa = PBXBuildFile; fileRef = C6C235A9139FB9AD000D2212 /* CC3Foundation.m */; };
		C6C235B3139FB9AD000D2212 /* CC3GLMatrix.m in Sources */ = {isa = PBXBuildFile; fileRef = C6C235AB139FB9AD000D2212 /* CC3GLMatrix.m */; };
		C6C235B4139FB9AD000D2212 /* CC3Kazmath.c in Sources */ = {isa = PBXBuildFile; fileRef = C6C235AC139FB9AD000D2212 /* CC3Kazmath.c */; };
		C6C235B5139FB9AD000D2212 /* CC3Math.m in Sources */ = {isa = PBXBuildFile; fileRef = C6C235B0139FB9AD000D2212 /* CC3Math.m */; };
		C6C235C8139FC7F1000D2212 /* tex.png in Resources */ = {isa = PBXBuildFile; fileRef = C6C235C7139FC7F1000D2212 /* tex.png */; };
		C6C335D213A1CD2900D7A202 /* bad.png in Resources */ = {isa = PBXBuildFile; fileRef = C6C335D113A1CD2900D7A202 /* bad.png */; };
		C6C335D413A1CD3100D7A202 /* bad1.png in Resources */ = {isa = PBXBuildFile; fileRef = C6C335D313A1CD3100D7A202 /* bad1.png */; };
		C6C335E113A1CD7800D7A202 /* bad2.png in Resources */ = {isa = PBXBuildFile; fileRef = C6C335D513A1CD7800D7A202 /* bad2.png */; };
		C6C335E213A1CD7800D7A202 /* bad3.png in Resources */ = {isa = PBXBuildFile; fileRef = C6C335D613A1CD7800D7A202 /* bad3.png */; };
		C6C335E313A1CD7800D7A202 /* blocks.bmp in Resources */ = {isa = PBXBuildFile; fileRef = C6C335D713A1CD7800D7A202 /* blocks.bmp */; };
		C6C335E413A1CD7800D7A202 /* fr.png in Resources */ = {isa = PBXBuildFile; fileRef = C6C335D813A1CD7800D7A202 /* fr.png */; };
		C6C335E513A1CD7800D7A202 /* good.png in Resources */ = {isa = PBXBuildFile; fileRef = C6C335D913A1CD7800D7A202 /* good.png */; };
		C6C335E613A1CD7800D7A202 /* good1.png in Resources */ = {isa = PBXBuildFile; fileRef = C6C335DA13A1CD7800D7A202 /* good1.png */; };
		C6C335E713A1CD7800D7A202 /* icebolt.png in Resources */ = {isa = PBXBuildFile; fileRef = C6C335DB13A1CD7800D7A202 /* icebolt.png */; };
		C6C335E813A1CD7800D7A202 /* mmns.png in Resources */ = {isa = PBXBuildFile; fileRef = C6C335DC13A1CD7800D7A202 /* mmns.png */; };
		C6C335E913A1CD7800D7A202 /* strk.png in Resources */ = {isa = PBXBuildFile; fileRef = C6C335DD13A1CD7800D7A202 /* strk.png */; };
		C6C335EA13A1CD7800D7A202 /* tetr_FOREST.bmp in Resources */ = {isa = PBXBuildFile; fileRef = C6C335DE13A1CD7800D7A202 /* tetr_FOREST.bmp */; };
		C6C335EB13A1CD7800D7A202 /* tetr.bmp in Resources */ = {isa = PBXBuildFile; fileRef = C6C335DF13A1CD7800D7A202 /* tetr.bmp */; };
		C6C335EC13A1CD7800D7A202 /* wnd.png in Resources */ = {isa = PBXBuildFile; fileRef = C6C335E013A1CD7800D7A202 /* wnd.png */; };
		C6C335EE13A1CD8700D7A202 /* map.bmp in Resources */ = {isa = PBXBuildFile; fileRef = C6C335ED13A1CD8700D7A202 /* map.bmp */; };
/* End PBXBuildFile section */

/* Begin PBXFileReference section */
		C6BA170813A780250060ECF9 /* SVScene.h */ = {isa = PBXFileReference; fileEncoding = 4; lastKnownFileType = sourcecode.c.h; path = SVScene.h; sourceTree = "<group>"; };
		C6BA170913A780250060ECF9 /* SVScene.m */ = {isa = PBXFileReference; fileEncoding = 4; lastKnownFileType = sourcecode.c.objc; path = SVScene.m; sourceTree = "<group>"; };
		C6BA170C13A792280060ECF9 /* SVTetris.h */ = {isa = PBXFileReference; fileEncoding = 4; lastKnownFileType = sourcecode.c.h; path = SVTetris.h; sourceTree = "<group>"; };
		C6BA170D13A792280060ECF9 /* SVTetris.m */ = {isa = PBXFileReference; fileEncoding = 4; lastKnownFileType = sourcecode.c.objc; path = SVTetris.m; sourceTree = "<group>"; };
		C6C2357E139FAB92000D2212 /* Tetatest.app */ = {isa = PBXFileReference; explicitFileType = wrapper.application; includeInIndex = 0; path = Tetatest.app; sourceTree = BUILT_PRODUCTS_DIR; };
		C6C23582139FAB92000D2212 /* UIKit.framework */ = {isa = PBXFileReference; lastKnownFileType = wrapper.framework; name = UIKit.framework; path = System/Library/Frameworks/UIKit.framework; sourceTree = SDKROOT; };
		C6C23584139FAB92000D2212 /* Foundation.framework */ = {isa = PBXFileReference; lastKnownFileType = wrapper.framework; name = Foundation.framework; path = System/Library/Frameworks/Foundation.framework; sourceTree = SDKROOT; };
		C6C23586139FAB92000D2212 /* CoreGraphics.framework */ = {isa = PBXFileReference; lastKnownFileType = wrapper.framework; name = CoreGraphics.framework; path = System/Library/Frameworks/CoreGraphics.framework; sourceTree = SDKROOT; };
		C6C2358A139FAB92000D2212 /* Tetatest-Info.plist */ = {isa = PBXFileReference; lastKnownFileType = text.plist.xml; path = "Tetatest-Info.plist"; sourceTree = "<group>"; };
		C6C2358C139FAB92000D2212 /* en */ = {isa = PBXFileReference; lastKnownFileType = text.plist.strings; name = en; path = en.lproj/InfoPlist.strings; sourceTree = "<group>"; };
		C6C2358E139FAB92000D2212 /* Tetatest-Prefix.pch */ = {isa = PBXFileReference; lastKnownFileType = sourcecode.c.h; path = "Tetatest-Prefix.pch"; sourceTree = "<group>"; };
		C6C2358F139FAB92000D2212 /* main.m */ = {isa = PBXFileReference; lastKnownFileType = sourcecode.c.objc; path = main.m; sourceTree = "<group>"; };
		C6C23591139FAB92000D2212 /* TetatestAppDelegate.h */ = {isa = PBXFileReference; lastKnownFileType = sourcecode.c.h; path = TetatestAppDelegate.h; sourceTree = "<group>"; };
		C6C23592139FAB92000D2212 /* TetatestAppDelegate.m */ = {isa = PBXFileReference; lastKnownFileType = sourcecode.c.objc; path = TetatestAppDelegate.m; sourceTree = "<group>"; };
		C6C23595139FAB92000D2212 /* en */ = {isa = PBXFileReference; lastKnownFileType = file.xib; name = en; path = en.lproj/MainWindow.xib; sourceTree = "<group>"; };
		C6C2359C139FABF6000D2212 /* OpenGLView.h */ = {isa = PBXFileReference; fileEncoding = 4; lastKnownFileType = sourcecode.c.h; path = OpenGLView.h; sourceTree = "<group>"; };
		C6C2359D139FABF6000D2212 /* OpenGLView.m */ = {isa = PBXFileReference; fileEncoding = 4; lastKnownFileType = sourcecode.c.objc; path = OpenGLView.m; sourceTree = "<group>"; };
		C6C2359F139FAC30000D2212 /* OpenGLES.framework */ = {isa = PBXFileReference; lastKnownFileType = wrapper.framework; name = OpenGLES.framework; path = System/Library/Frameworks/OpenGLES.framework; sourceTree = SDKROOT; };
		C6C235A1139FAC35000D2212 /* QuartzCore.framework */ = {isa = PBXFileReference; lastKnownFileType = wrapper.framework; name = QuartzCore.framework; path = System/Library/Frameworks/QuartzCore.framework; sourceTree = SDKROOT; };
		C6C235A3139FB090000D2212 /* Svertex.glsl */ = {isa = PBXFileReference; fileEncoding = 4; lastKnownFileType = text; path = Svertex.glsl; sourceTree = "<group>"; };
		C6C235A5139FB131000D2212 /* Sfragment.glsl */ = {isa = PBXFileReference; fileEncoding = 4; lastKnownFileType = text; path = Sfragment.glsl; sourceTree = "<group>"; };
		C6C235A8139FB9AD000D2212 /* CC3Foundation.h */ = {isa = PBXFileReference; fileEncoding = 4; lastKnownFileType = sourcecode.c.h; path = CC3Foundation.h; sourceTree = "<group>"; };
		C6C235A9139FB9AD000D2212 /* CC3Foundation.m */ = {isa = PBXFileReference; fileEncoding = 4; lastKnownFileType = sourcecode.c.objc; path = CC3Foundation.m; sourceTree = "<group>"; };
		C6C235AA139FB9AD000D2212 /* CC3GLMatrix.h */ = {isa = PBXFileReference; fileEncoding = 4; lastKnownFileType = sourcecode.c.h; name = CC3GLMatrix.h; path = Cocos3DMathLib/CC3GLMatrix.h; sourceTree = "<group>"; };
		C6C235AB139FB9AD000D2212 /* CC3GLMatrix.m */ = {isa = PBXFileReference; fileEncoding = 4; lastKnownFileType = sourcecode.c.objc; path = CC3GLMatrix.m; sourceTree = "<group>"; };
		C6C235AC139FB9AD000D2212 /* CC3Kazmath.c */ = {isa = PBXFileReference; fileEncoding = 4; lastKnownFileType = sourcecode.c.c; path = CC3Kazmath.c; sourceTree = "<group>"; };
		C6C235AD139FB9AD000D2212 /* CC3Kazmath.h */ = {isa = PBXFileReference; fileEncoding = 4; lastKnownFileType = sourcecode.c.h; path = CC3Kazmath.h; sourceTree = "<group>"; };
		C6C235AE139FB9AD000D2212 /* CC3Logging.h */ = {isa = PBXFileReference; fileEncoding = 4; lastKnownFileType = sourcecode.c.h; path = CC3Logging.h; sourceTree = "<group>"; };
		C6C235AF139FB9AD000D2212 /* CC3Math.h */ = {isa = PBXFileReference; fileEncoding = 4; lastKnownFileType = sourcecode.c.h; path = CC3Math.h; sourceTree = "<group>"; };
		C6C235B0139FB9AD000D2212 /* CC3Math.m */ = {isa = PBXFileReference; fileEncoding = 4; lastKnownFileType = sourcecode.c.objc; path = CC3Math.m; sourceTree = "<group>"; };
		C6C235B1139FB9AD000D2212 /* ccTypes.h */ = {isa = PBXFileReference; fileEncoding = 4; lastKnownFileType = sourcecode.c.h; path = ccTypes.h; sourceTree = "<group>"; };
		C6C235C7139FC7F1000D2212 /* tex.png */ = {isa = PBXFileReference; lastKnownFileType = image.png; path = tex.png; sourceTree = "<group>"; };
		C6C335D113A1CD2900D7A202 /* bad.png */ = {isa = PBXFileReference; lastKnownFileType = image.png; path = bad.png; sourceTree = "<group>"; };
		C6C335D313A1CD3100D7A202 /* bad1.png */ = {isa = PBXFileReference; lastKnownFileType = image.png; path = bad1.png; sourceTree = "<group>"; };
		C6C335D513A1CD7800D7A202 /* bad2.png */ = {isa = PBXFileReference; lastKnownFileType = image.png; path = bad2.png; sourceTree = "<group>"; };
		C6C335D613A1CD7800D7A202 /* bad3.png */ = {isa = PBXFileReference; lastKnownFileType = image.png; path = bad3.png; sourceTree = "<group>"; };
		C6C335D713A1CD7800D7A202 /* blocks.bmp */ = {isa = PBXFileReference; lastKnownFileType = image.bmp; path = blocks.bmp; sourceTree = "<group>"; };
		C6C335D813A1CD7800D7A202 /* fr.png */ = {isa = PBXFileReference; lastKnownFileType = image.png; path = fr.png; sourceTree = "<group>"; };
		C6C335D913A1CD7800D7A202 /* good.png */ = {isa = PBXFileReference; lastKnownFileType = image.png; path = good.png; sourceTree = "<group>"; };
		C6C335DA13A1CD7800D7A202 /* good1.png */ = {isa = PBXFileReference; lastKnownFileType = image.png; path = good1.png; sourceTree = "<group>"; };
		C6C335DB13A1CD7800D7A202 /* icebolt.png */ = {isa = PBXFileReference; lastKnownFileType = image.png; path = icebolt.png; sourceTree = "<group>"; };
		C6C335DC13A1CD7800D7A202 /* mmns.png */ = {isa = PBXFileReference; lastKnownFileType = image.png; path = mmns.png; sourceTree = "<group>"; };
		C6C335DD13A1CD7800D7A202 /* strk.png */ = {isa = PBXFileReference; lastKnownFileType = image.png; path = strk.png; sourceTree = "<group>"; };
		C6C335DE13A1CD7800D7A202 /* tetr_FOREST.bmp */ = {isa = PBXFileReference; lastKnownFileType = image.bmp; path = tetr_FOREST.bmp; sourceTree = "<group>"; };
		C6C335DF13A1CD7800D7A202 /* tetr.bmp */ = {isa = PBXFileReference; lastKnownFileType = image.bmp; path = tetr.bmp; sourceTree = "<group>"; };
		C6C335E013A1CD7800D7A202 /* wnd.png */ = {isa = PBXFileReference; lastKnownFileType = image.png; path = wnd.png; sourceTree = "<group>"; };
		C6C335ED13A1CD8700D7A202 /* map.bmp */ = {isa = PBXFileReference; lastKnownFileType = image.bmp; path = map.bmp; sourceTree = "<group>"; };
/* End PBXFileReference section */

/* Begin PBXFrameworksBuildPhase section */
		C6C2357B139FAB92000D2212 /* Frameworks */ = {
			isa = PBXFrameworksBuildPhase;
			buildActionMask = 2147483647;
			files = (
				C6C235A2139FAC35000D2212 /* QuartzCore.framework in Frameworks */,
				C6C235A0139FAC30000D2212 /* OpenGLES.framework in Frameworks */,
				C6C23583139FAB92000D2212 /* UIKit.framework in Frameworks */,
				C6C23585139FAB92000D2212 /* Foundation.framework in Frameworks */,
				C6C23587139FAB92000D2212 /* CoreGraphics.framework in Frameworks */,
			);
			runOnlyForDeploymentPostprocessing = 0;
		};
/* End PBXFrameworksBuildPhase section */

/* Begin PBXGroup section */
		C6C23573139FAB92000D2212 = {
			isa = PBXGroup;
			children = (
				C6C235A1139FAC35000D2212 /* QuartzCore.framework */,
				C6C2359F139FAC30000D2212 /* OpenGLES.framework */,
				C6C23588139FAB92000D2212 /* Tetatest */,
				C6C23581139FAB92000D2212 /* Frameworks */,
				C6C2357F139FAB92000D2212 /* Products */,
			);
			sourceTree = "<group>";
		};
		C6C2357F139FAB92000D2212 /* Products */ = {
			isa = PBXGroup;
			children = (
				C6C2357E139FAB92000D2212 /* Tetatest.app */,
			);
			name = Products;
			sourceTree = "<group>";
		};
		C6C23581139FAB92000D2212 /* Frameworks */ = {
			isa = PBXGroup;
			children = (
				C6C23582139FAB92000D2212 /* UIKit.framework */,
				C6C23584139FAB92000D2212 /* Foundation.framework */,
				C6C23586139FAB92000D2212 /* CoreGraphics.framework */,
			);
			name = Frameworks;
			sourceTree = "<group>";
		};
		C6C23588139FAB92000D2212 /* Tetatest */ = {
			isa = PBXGroup;
			children = (
				C6C335CF13A1CD1400D7A202 /* Images */,
				C6C235C7139FC7F1000D2212 /* tex.png */,
				C6C235AA139FB9AD000D2212 /* CC3GLMatrix.h */,
				C6C235A7139FB9AD000D2212 /* Cocos3DMathLib */,
				C6C23591139FAB92000D2212 /* TetatestAppDelegate.h */,
				C6C23592139FAB92000D2212 /* TetatestAppDelegate.m */,
				C6C23594139FAB92000D2212 /* MainWindow.xib */,
				C6C23589139FAB92000D2212 /* Supporting Files */,
				C6C2359C139FABF6000D2212 /* OpenGLView.h */,
				C6C2359D139FABF6000D2212 /* OpenGLView.m */,
				C6BA170813A780250060ECF9 /* SVScene.h */,
				C6BA170913A780250060ECF9 /* SVScene.m */,
				C6BA170C13A792280060ECF9 /* SVTetris.h */,
				C6BA170D13A792280060ECF9 /* SVTetris.m */,
				C6C235A3139FB090000D2212 /* Svertex.glsl */,
				C6C235A5139FB131000D2212 /* Sfragment.glsl */,
			);
			path = Tetatest;
			sourceTree = "<group>";
		};
		C6C23589139FAB92000D2212 /* Supporting Files */ = {
			isa = PBXGroup;
			children = (
				C6C2358A139FAB92000D2212 /* Tetatest-Info.plist */,
				C6C2358B139FAB92000D2212 /* InfoPlist.strings */,
				C6C2358E139FAB92000D2212 /* Tetatest-Prefix.pch */,
				C6C2358F139FAB92000D2212 /* main.m */,
			);
			name = "Supporting Files";
			sourceTree = "<group>";
		};
		C6C235A7139FB9AD000D2212 /* Cocos3DMathLib */ = {
			isa = PBXGroup;
			children = (
				C6C235A8139FB9AD000D2212 /* CC3Foundation.h */,
				C6C235A9139FB9AD000D2212 /* CC3Foundation.m */,
				C6C235AB139FB9AD000D2212 /* CC3GLMatrix.m */,
				C6C235AC139FB9AD000D2212 /* CC3Kazmath.c */,
				C6C235AD139FB9AD000D2212 /* CC3Kazmath.h */,
				C6C235AE139FB9AD000D2212 /* CC3Logging.h */,
				C6C235AF139FB9AD000D2212 /* CC3Math.h */,
				C6C235B0139FB9AD000D2212 /* CC3Math.m */,
				C6C235B1139FB9AD000D2212 /* ccTypes.h */,
			);
			path = Cocos3DMathLib;
			sourceTree = "<group>";
		};
		C6C335CF13A1CD1400D7A202 /* Images */ = {
			isa = PBXGroup;
			children = (
				C6C335D513A1CD7800D7A202 /* bad2.png */,
				C6C335D613A1CD7800D7A202 /* bad3.png */,
				C6C335D713A1CD7800D7A202 /* blocks.bmp */,
				C6C335D813A1CD7800D7A202 /* fr.png */,
				C6C335D913A1CD7800D7A202 /* good.png */,
				C6C335DA13A1CD7800D7A202 /* good1.png */,
				C6C335DB13A1CD7800D7A202 /* icebolt.png */,
				C6C335DC13A1CD7800D7A202 /* mmns.png */,
				C6C335DD13A1CD7800D7A202 /* strk.png */,
				C6C335DE13A1CD7800D7A202 /* tetr_FOREST.bmp */,
				C6C335DF13A1CD7800D7A202 /* tetr.bmp */,
				C6C335E013A1CD7800D7A202 /* wnd.png */,
				C6C335D113A1CD2900D7A202 /* bad.png */,
				C6C335D313A1CD3100D7A202 /* bad1.png */,
				C6C335ED13A1CD8700D7A202 /* map.bmp */,
			);
			name = Images;
			sourceTree = "<group>";
		};
/* End PBXGroup section */

/* Begin PBXNativeTarget section */
		C6C2357D139FAB92000D2212 /* Tetatest */ = {
			isa = PBXNativeTarget;
			buildConfigurationList = C6C23599139FAB92000D2212 /* Build configuration list for PBXNativeTarget "Tetatest" */;
			buildPhases = (
				C6C2357A139FAB92000D2212 /* Sources */,
				C6C2357B139FAB92000D2212 /* Frameworks */,
				C6C2357C139FAB92000D2212 /* Resources */,
			);
			buildRules = (
			);
			dependencies = (
			);
			name = Tetatest;
			productName = Tetatest;
			productReference = C6C2357E139FAB92000D2212 /* Tetatest.app */;
			productType = "com.apple.product-type.application";
		};
/* End PBXNativeTarget section */

/* Begin PBXProject section */
		C6C23575139FAB92000D2212 /* Project object */ = {
			isa = PBXProject;
			buildConfigurationList = C6C23578139FAB92000D2212 /* Build configuration list for PBXProject "Tetatest" */;
			compatibilityVersion = "Xcode 3.2";
			developmentRegion = English;
			hasScannedForEncodings = 0;
			knownRegions = (
				en,
			);
			mainGroup = C6C23573139FAB92000D2212;
			productRefGroup = C6C2357F139FAB92000D2212 /* Products */;
			projectDirPath = "";
			projectRoot = "";
			targets = (
				C6C2357D139FAB92000D2212 /* Tetatest */,
			);
		};
/* End PBXProject section */

/* Begin PBXResourcesBuildPhase section */
		C6C2357C139FAB92000D2212 /* Resources */ = {
			isa = PBXResourcesBuildPhase;
			buildActionMask = 2147483647;
			files = (
				C6C2358D139FAB92000D2212 /* InfoPlist.strings in Resources */,
				C6C23596139FAB92000D2212 /* MainWindow.xib in Resources */,
				C6C235A4139FB090000D2212 /* Svertex.glsl in Resources */,
				C6C235A6139FB131000D2212 /* Sfragment.glsl in Resources */,
				C6C235C8139FC7F1000D2212 /* tex.png in Resources */,
				C6C335D213A1CD2900D7A202 /* bad.png in Resources */,
				C6C335D413A1CD3100D7A202 /* bad1.png in Resources */,
				C6C335E113A1CD7800D7A202 /* bad2.png in Resources */,
				C6C335E213A1CD7800D7A202 /* bad3.png in Resources */,
				C6C335E313A1CD7800D7A202 /* blocks.bmp in Resources */,
				C6C335E413A1CD7800D7A202 /* fr.png in Resources */,
				C6C335E513A1CD7800D7A202 /* good.png in Resources */,
				C6C335E613A1CD7800D7A202 /* good1.png in Resources */,
				C6C335E713A1CD7800D7A202 /* icebolt.png in Resources */,
				C6C335E813A1CD7800D7A202 /* mmns.png in Resources */,
				C6C335E913A1CD7800D7A202 /* strk.png in Resources */,
				C6C335EA13A1CD7800D7A202 /* tetr_FOREST.bmp in Resources */,
				C6C335EB13A1CD7800D7A202 /* tetr.bmp in Resources */,
				C6C335EC13A1CD7800D7A202 /* wnd.png in Resources */,
				C6C335EE13A1CD8700D7A202 /* map.bmp in Resources */,
			);
			runOnlyForDeploymentPostprocessing = 0;
		};
/* End PBXResourcesBuildPhase section */

/* Begin PBXSourcesBuildPhase section */
		C6C2357A139FAB92000D2212 /* Sources */ = {
			isa = PBXSourcesBuildPhase;
			buildActionMask = 2147483647;
			files = (
				C6C23590139FAB92000D2212 /* main.m in Sources */,
				C6C23593139FAB92000D2212 /* TetatestAppDelegate.m in Sources */,
				C6C2359E139FABF6000D2212 /* OpenGLView.m in Sources */,
				C6C235B2139FB9AD000D2212 /* CC3Foundation.m in Sources */,
				C6C235B3139FB9AD000D2212 /* CC3GLMatrix.m in Sources */,
				C6C235B4139FB9AD000D2212 /* CC3Kazmath.c in Sources */,
				C6C235B5139FB9AD000D2212 /* CC3Math.m in Sources */,
				C6BA170A13A780250060ECF9 /* SVScene.m in Sources */,
				C6BA170E13A792280060ECF9 /* SVTetris.m in Sources */,
			);
			runOnlyForDeploymentPostprocessing = 0;
		};
/* End PBXSourcesBuildPhase section */

/* Begin PBXVariantGroup section */
		C6C2358B139FAB92000D2212 /* InfoPlist.strings */ = {
			isa = PBXVariantGroup;
			children = (
				C6C2358C139FAB92000D2212 /* en */,
			);
			name = InfoPlist.strings;
			sourceTree = "<group>";
		};
		C6C23594139FAB92000D2212 /* MainWindow.xib */ = {
			isa = PBXVariantGroup;
			children = (
				C6C23595139FAB92000D2212 /* en */,
			);
			name = MainWindow.xib;
			sourceTree = "<group>";
		};
/* End PBXVariantGroup section */

/* Begin XCBuildConfiguration section */
		C6C23597139FAB92000D2212 /* Debug */ = {
			isa = XCBuildConfiguration;
			buildSettings = {
				ARCHS = "$(ARCHS_UNIVERSAL_IPHONE_OS)";
				"CODE_SIGN_IDENTITY[sdk=iphoneos*]" = "iPhone Developer";
				GCC_C_LANGUAGE_STANDARD = gnu99;
				GCC_OPTIMIZATION_LEVEL = 0;
				GCC_PREPROCESSOR_DEFINITIONS = DEBUG;
				GCC_SYMBOLS_PRIVATE_EXTERN = NO;
				GCC_VERSION = com.apple.compilers.llvmgcc42;
				GCC_WARN_ABOUT_RETURN_TYPE = YES;
				GCC_WARN_UNUSED_VARIABLE = YES;
				IPHONEOS_DEPLOYMENT_TARGET = 4.3;
				SDKROOT = iphoneos;
				TARGETED_DEVICE_FAMILY = 2;
			};
			name = Debug;
		};
		C6C23598139FAB92000D2212 /* Release */ = {
			isa = XCBuildConfiguration;
			buildSettings = {
				ARCHS = "$(ARCHS_UNIVERSAL_IPHONE_OS)";
				"CODE_SIGN_IDENTITY[sdk=iphoneos*]" = "iPhone Developer";
				GCC_C_LANGUAGE_STANDARD = gnu99;
				GCC_VERSION = com.apple.compilers.llvmgcc42;
				GCC_WARN_ABOUT_RETURN_TYPE = YES;
				GCC_WARN_UNUSED_VARIABLE = YES;
				IPHONEOS_DEPLOYMENT_TARGET = 4.3;
				OTHER_CFLAGS = "-DNS_BLOCK_ASSERTIONS=1";
				SDKROOT = iphoneos;
				TARGETED_DEVICE_FAMILY = 2;
			};
			name = Release;
		};
		C6C2359A139FAB92000D2212 /* Debug */ = {
			isa = XCBuildConfiguration;
			buildSettings = {
				ALWAYS_SEARCH_USER_PATHS = NO;
				COPY_PHASE_STRIP = NO;
				GCC_DYNAMIC_NO_PIC = NO;
				GCC_PRECOMPILE_PREFIX_HEADER = YES;
				GCC_PREFIX_HEADER = "Tetatest/Tetatest-Prefix.pch";
				INFOPLIST_FILE = "Tetatest/Tetatest-Info.plist";
				PRODUCT_NAME = "$(TARGET_NAME)";
				WRAPPER_EXTENSION = app;
			};
			name = Debug;
		};
		C6C2359B139FAB92000D2212 /* Release */ = {
			isa = XCBuildConfiguration;
			buildSettings = {
				ALWAYS_SEARCH_USER_PATHS = NO;
				COPY_PHASE_STRIP = YES;
				GCC_PRECOMPILE_PREFIX_HEADER = YES;
				GCC_PREFIX_HEADER = "Tetatest/Tetatest-Prefix.pch";
				INFOPLIST_FILE = "Tetatest/Tetatest-Info.plist";
				PRODUCT_NAME = "$(TARGET_NAME)";
				VALIDATE_PRODUCT = YES;
				WRAPPER_EXTENSION = app;
			};
			name = Release;
		};
/* End XCBuildConfiguration section */

/* Begin XCConfigurationList section */
		C6C23578139FAB92000D2212 /* Build configuration list for PBXProject "Tetatest" */ = {
			isa = XCConfigurationList;
			buildConfigurations = (
				C6C23597139FAB92000D2212 /* Debug */,
				C6C23598139FAB92000D2212 /* Release */,
			);
			defaultConfigurationIsVisible = 0;
			defaultConfigurationName = Release;
		};
		C6C23599139FAB92000D2212 /* Build configuration list for PBXNativeTarget "Tetatest" */ = {
			isa = XCConfigurationList;
			buildConfigurations = (
				C6C2359A139FAB92000D2212 /* Debug */,
				C6C2359B139FAB92000D2212 /* Release */,
			);
			defaultConfigurationIsVisible = 0;
			defaultConfigurationName = Release;
		};
/* End XCConfigurationList section */
	};
	rootObject = C6C23575139FAB92000D2212 /* Project object */;
}
